
Microsoft Visual Studio Solution File, Format Version 12.00
# Visual Studio Version 17
VisualStudioVersion = 17.8.34330.188
MinimumVisualStudioVersion = 10.0.40219.1
Project("{FAE04EC0-301F-11D3-BF4B-00C04F79EFBC}") = "ApiParser", "ApiParser.csproj", "{02F0D3AB-0BEC-41B4-8B5D-C146A9B95CF1}"
EndProject
Global
	GlobalSection(SolutionConfigurationPlatforms) = preSolution
		Debug|Any CPU = Debug|Any CPU
		Release|Any CPU = Release|Any CPU
	EndGlobalSection
	GlobalSection(ProjectConfigurationPlatforms) = postSolution
		{02F0D3AB-0BEC-41B4-8B5D-C146A9B95CF1}.Debug|Any CPU.ActiveCfg = Debug|Any CPU
		{02F0D3AB-0BEC-41B4-8B5D-C146A9B95CF1}.Debug|Any CPU.Build.0 = Debug|Any CPU
		{02F0D3AB-0BEC-41B4-8B5D-C146A9B95CF1}.Release|Any CPU.ActiveCfg = Release|Any CPU
		{02F0D3AB-0BEC-41B4-8B5D-C146A9B95CF1}.Release|Any CPU.Build.0 = Release|Any CPU
	EndGlobalSection
	GlobalSection(SolutionProperties) = preSolution
		HideSolutionNode = FALSE
	EndGlobalSection
	GlobalSection(ExtensibilityGlobals) = postSolution
		SolutionGuid = {1A3B914A-DB04-42BF-B897-BD3E6EDFE04D}
	EndGlobalSection
EndGlobal
